{
  "nodes": {
    "nixpkgs": {
      "locked": {
        "lastModified": 1711264242,
        "narHash": "sha256-sW97R2YFLfFjqz8Feq5TxQP0ICfrx4HL/6d4cKeu7es=",
        "owner": "NixOS",
        "repo": "nixpkgs",
        "rev": "ddd523bd82184d3990c5f4e187c8a2fafc852da1",
        "type": "github"
      },
      "original": {
        "owner": "NixOS",
        "repo": "nixpkgs",
        "type": "github"
      }
    },
    "root": {
      "inputs": {
        "nixpkgs": "nixpkgs"
      }
    }
  },
  "root": "root",
  "version": 7
}
